
Microsoft Visual Studio Solution File, Format Version 12.00
# Visual Studio Version 17
VisualStudioVersion = 17.14.36109.1
MinimumVisualStudioVersion = 10.0.40219.1
Project("{2150E333-8FDC-42A3-9474-1A3956D46DE8}") = "patterns", "patterns", "{A1B3DA4F-7E4D-9C63-7271-7C9E534D4ACE}"
EndProject
Project("{2150E333-8FDC-42A3-9474-1A3956D46DE8}") = "CQRS", "CQRS", "{C459FF3A-68C2-AD78-BAEF-E0E01C7BAB60}"
EndProject
Project("{FAE04EC0-301F-11D3-BF4B-00C04F79EFBC}") = "CQRS.Library.BookService", "patterns\CQRS\CQRS.Library.BookService\CQRS.Library.BookService.csproj", "{05E3F73D-CEB2-4424-9CDD-6A6CFE2F1D12}"
EndProject
Project("{FAE04EC0-301F-11D3-BF4B-00C04F79EFBC}") = "CQRS.Library.BorrowerService", "patterns\CQRS\CQRS.Library.BorrowerService\CQRS.Library.BorrowerService.csproj", "{376BD2EC-DB73-4272-A4DC-BD659DBD6992}"
EndProject
Project("{FAE04EC0-301F-11D3-BF4B-00C04F79EFBC}") = "CQRS.Library.BorrowingService", "patterns\CQRS\CQRS.Library.BorrowingService\CQRS.Library.BorrowingService.csproj", "{6C4063D0-411F-47C5-B595-2E2197C41F5E}"
EndProject
Project("{FAE04EC0-301F-11D3-BF4B-00C04F79EFBC}") = "CQRS.Library.BorrowingHistoryService", "patterns\CQRS\CQRS.Library.BorrowingHistoryService\CQRS.Library.BorrowingHistoryService.csproj", "{AD890AE6-0F35-45BC-A6DA-CDF1228B151F}"
EndProject
Project("{FAE04EC0-301F-11D3-BF4B-00C04F79EFBC}") = "EventBus", "EventBus\EventBus.csproj", "{86EA8A28-2720-46B0-8C75-2CCBDD347C4F}"
EndProject
Project("{FAE04EC0-301F-11D3-BF4B-00C04F79EFBC}") = "EventBus.Kafka", "EventBus.Kafka\EventBus.Kafka.csproj", "{342EC065-5618-44BE-A8FB-B07EF54FCAB7}"
EndProject
Project("{FAE04EC0-301F-11D3-BF4B-00C04F79EFBC}") = "CQRS.Library.IntegrationEvents", "patterns\CQRS\CQRS.Library.IntegrationEvents\CQRS.Library.IntegrationEvents.csproj", "{17FFB391-6B56-4C7A-9559-8ECC529B54C5}"
EndProject
Project("{2150E333-8FDC-42A3-9474-1A3956D46DE8}") = "Solution Items", "Solution Items", "{089100B1-113F-4E66-888A-E83F3999EAFD}"
	ProjectSection(SolutionItems) = preProject
		docker-compose.yaml = docker-compose.yaml
	EndProjectSection
EndProject
Global
	GlobalSection(SolutionConfigurationPlatforms) = preSolution
		Debug|Any CPU = Debug|Any CPU
		Release|Any CPU = Release|Any CPU
	EndGlobalSection
	GlobalSection(ProjectConfigurationPlatforms) = postSolution
		{05E3F73D-CEB2-4424-9CDD-6A6CFE2F1D12}.Debug|Any CPU.ActiveCfg = Debug|Any CPU
		{05E3F73D-CEB2-4424-9CDD-6A6CFE2F1D12}.Debug|Any CPU.Build.0 = Debug|Any CPU
		{05E3F73D-CEB2-4424-9CDD-6A6CFE2F1D12}.Release|Any CPU.ActiveCfg = Release|Any CPU
		{05E3F73D-CEB2-4424-9CDD-6A6CFE2F1D12}.Release|Any CPU.Build.0 = Release|Any CPU
		{376BD2EC-DB73-4272-A4DC-BD659DBD6992}.Debug|Any CPU.ActiveCfg = Debug|Any CPU
		{376BD2EC-DB73-4272-A4DC-BD659DBD6992}.Debug|Any CPU.Build.0 = Debug|Any CPU
		{376BD2EC-DB73-4272-A4DC-BD659DBD6992}.Release|Any CPU.ActiveCfg = Release|Any CPU
		{376BD2EC-DB73-4272-A4DC-BD659DBD6992}.Release|Any CPU.Build.0 = Release|Any CPU
		{6C4063D0-411F-47C5-B595-2E2197C41F5E}.Debug|Any CPU.ActiveCfg = Debug|Any CPU
		{6C4063D0-411F-47C5-B595-2E2197C41F5E}.Debug|Any CPU.Build.0 = Debug|Any CPU
		{6C4063D0-411F-47C5-B595-2E2197C41F5E}.Release|Any CPU.ActiveCfg = Release|Any CPU
		{6C4063D0-411F-47C5-B595-2E2197C41F5E}.Release|Any CPU.Build.0 = Release|Any CPU
		{AD890AE6-0F35-45BC-A6DA-CDF1228B151F}.Debug|Any CPU.ActiveCfg = Debug|Any CPU
		{AD890AE6-0F35-45BC-A6DA-CDF1228B151F}.Debug|Any CPU.Build.0 = Debug|Any CPU
		{AD890AE6-0F35-45BC-A6DA-CDF1228B151F}.Release|Any CPU.ActiveCfg = Release|Any CPU
		{AD890AE6-0F35-45BC-A6DA-CDF1228B151F}.Release|Any CPU.Build.0 = Release|Any CPU
		{86EA8A28-2720-46B0-8C75-2CCBDD347C4F}.Debug|Any CPU.ActiveCfg = Debug|Any CPU
		{86EA8A28-2720-46B0-8C75-2CCBDD347C4F}.Debug|Any CPU.Build.0 = Debug|Any CPU
		{86EA8A28-2720-46B0-8C75-2CCBDD347C4F}.Release|Any CPU.ActiveCfg = Release|Any CPU
		{86EA8A28-2720-46B0-8C75-2CCBDD347C4F}.Release|Any CPU.Build.0 = Release|Any CPU
		{342EC065-5618-44BE-A8FB-B07EF54FCAB7}.Debug|Any CPU.ActiveCfg = Debug|Any CPU
		{342EC065-5618-44BE-A8FB-B07EF54FCAB7}.Debug|Any CPU.Build.0 = Debug|Any CPU
		{342EC065-5618-44BE-A8FB-B07EF54FCAB7}.Release|Any CPU.ActiveCfg = Release|Any CPU
		{342EC065-5618-44BE-A8FB-B07EF54FCAB7}.Release|Any CPU.Build.0 = Release|Any CPU
		{17FFB391-6B56-4C7A-9559-8ECC529B54C5}.Debug|Any CPU.ActiveCfg = Debug|Any CPU
		{17FFB391-6B56-4C7A-9559-8ECC529B54C5}.Debug|Any CPU.Build.0 = Debug|Any CPU
		{17FFB391-6B56-4C7A-9559-8ECC529B54C5}.Release|Any CPU.ActiveCfg = Release|Any CPU
		{17FFB391-6B56-4C7A-9559-8ECC529B54C5}.Release|Any CPU.Build.0 = Release|Any CPU
	EndGlobalSection
	GlobalSection(SolutionProperties) = preSolution
		HideSolutionNode = FALSE
	EndGlobalSection
	GlobalSection(NestedProjects) = preSolution
		{C459FF3A-68C2-AD78-BAEF-E0E01C7BAB60} = {A1B3DA4F-7E4D-9C63-7271-7C9E534D4ACE}
		{05E3F73D-CEB2-4424-9CDD-6A6CFE2F1D12} = {C459FF3A-68C2-AD78-BAEF-E0E01C7BAB60}
		{376BD2EC-DB73-4272-A4DC-BD659DBD6992} = {C459FF3A-68C2-AD78-BAEF-E0E01C7BAB60}
		{6C4063D0-411F-47C5-B595-2E2197C41F5E} = {C459FF3A-68C2-AD78-BAEF-E0E01C7BAB60}
		{AD890AE6-0F35-45BC-A6DA-CDF1228B151F} = {C459FF3A-68C2-AD78-BAEF-E0E01C7BAB60}
		{17FFB391-6B56-4C7A-9559-8ECC529B54C5} = {C459FF3A-68C2-AD78-BAEF-E0E01C7BAB60}
	EndGlobalSection
	GlobalSection(ExtensibilityGlobals) = postSolution
		SolutionGuid = {1EDCE8C1-96A9-48DD-B09B-95617D908E11}
	EndGlobalSection
EndGlobal
